// !$*UTF8*$!
{
	archiveVersion = 1;
	classes = {
	};
	objectVersion = 55;
	objects = {

/* Begin PBXBuildFile section */
		F7063D3928BECEBF000AAC88 /* FotoViewController.swift in Sources */ = {isa = PBXBuildFile; fileRef = F7063D3828BECEBF000AAC88 /* FotoViewController.swift */; };
		FB82187F28B7BADD001C3881 /* AppDelegate.swift in Sources */ = {isa = PBXBuildFile; fileRef = FB82187E28B7BADD001C3881 /* AppDelegate.swift */; };
		FB82188128B7BADD001C3881 /* SceneDelegate.swift in Sources */ = {isa = PBXBuildFile; fileRef = FB82188028B7BADD001C3881 /* SceneDelegate.swift */; };
		FB82188328B7BADD001C3881 /* ViewController.swift in Sources */ = {isa = PBXBuildFile; fileRef = FB82188228B7BADD001C3881 /* ViewController.swift */; };
		FB82188628B7BADD001C3881 /* Main.storyboard in Resources */ = {isa = PBXBuildFile; fileRef = FB82188428B7BADD001C3881 /* Main.storyboard */; };
		FB82188828B7BAE0001C3881 /* Assets.xcassets in Resources */ = {isa = PBXBuildFile; fileRef = FB82188728B7BAE0001C3881 /* Assets.xcassets */; };
		FB82188B28B7BAE0001C3881 /* LaunchScreen.storyboard in Resources */ = {isa = PBXBuildFile; fileRef = FB82188928B7BAE0001C3881 /* LaunchScreen.storyboard */; };
		FB9A267D28BED2F600A46BBC /* 202676998_336788954761112_3415638366094225740_n.jpeg in Resources */ = {isa = PBXBuildFile; fileRef = FB9A267C28BED2F600A46BBC /* 202676998_336788954761112_3415638366094225740_n.jpeg */; };
/* End PBXBuildFile section */

/* Begin PBXFileReference section */
		F7063D3828BECEBF000AAC88 /* FotoViewController.swift */ = {isa = PBXFileReference; lastKnownFileType = sourcecode.swift; path = FotoViewController.swift; sourceTree = "<group>"; };
		FB82187B28B7BADD001C3881 /* SwiftTeam.app */ = {isa = PBXFileReference; explicitFileType = wrapper.application; includeInIndex = 0; path = SwiftTeam.app; sourceTree = BUILT_PRODUCTS_DIR; };
		FB82187E28B7BADD001C3881 /* AppDelegate.swift */ = {isa = PBXFileReference; lastKnownFileType = sourcecode.swift; path = AppDelegate.swift; sourceTree = "<group>"; };
		FB82188028B7BADD001C3881 /* SceneDelegate.swift */ = {isa = PBXFileReference; lastKnownFileType = sourcecode.swift; path = SceneDelegate.swift; sourceTree = "<group>"; };
		FB82188228B7BADD001C3881 /* ViewController.swift */ = {isa = PBXFileReference; lastKnownFileType = sourcecode.swift; path = ViewController.swift; sourceTree = "<group>"; };
		FB82188528B7BADD001C3881 /* Base */ = {isa = PBXFileReference; lastKnownFileType = file.storyboard; name = Base; path = Base.lproj/Main.storyboard; sourceTree = "<group>"; };
		FB82188728B7BAE0001C3881 /* Assets.xcassets */ = {isa = PBXFileReference; lastKnownFileType = folder.assetcatalog; path = Assets.xcassets; sourceTree = "<group>"; };
		FB82188A28B7BAE0001C3881 /* Base */ = {isa = PBXFileReference; lastKnownFileType = file.storyboard; name = Base; path = Base.lproj/LaunchScreen.storyboard; sourceTree = "<group>"; };
		FB82188C28B7BAE0001C3881 /* Info.plist */ = {isa = PBXFileReference; lastKnownFileType = text.plist.xml; path = Info.plist; sourceTree = "<group>"; };
		FB9A267C28BED2F600A46BBC /* 202676998_336788954761112_3415638366094225740_n.jpeg */ = {isa = PBXFileReference; lastKnownFileType = image.jpeg; name = 202676998_336788954761112_3415638366094225740_n.jpeg; path = ../../202676998_336788954761112_3415638366094225740_n.jpeg; sourceTree = "<group>"; };
/* End PBXFileReference section */

/* Begin PBXFrameworksBuildPhase section */
		FB82187828B7BADD001C3881 /* Frameworks */ = {
			isa = PBXFrameworksBuildPhase;
			buildActionMask = 2147483647;
			files = (
			);
			runOnlyForDeploymentPostprocessing = 0;
		};
/* End PBXFrameworksBuildPhase section */

/* Begin PBXGroup section */
		FB82187228B7BADD001C3881 = {
			isa = PBXGroup;
			children = (
				FB82187D28B7BADD001C3881 /* SwiftTeam */,
				FB82187C28B7BADD001C3881 /* Products */,
			);
			sourceTree = "<group>";
		};
		FB82187C28B7BADD001C3881 /* Products */ = {
			isa = PBXGroup;
			children = (
				FB82187B28B7BADD001C3881 /* SwiftTeam.app */,
			);
			name = Products;
			sourceTree = "<group>";
		};
		FB82187D28B7BADD001C3881 /* SwiftTeam */ = {
			isa = PBXGroup;
			children = (
				FB82187E28B7BADD001C3881 /* AppDelegate.swift */,
				FB82188028B7BADD001C3881 /* SceneDelegate.swift */,
				FB82188228B7BADD001C3881 /* ViewController.swift */,
				FB82188428B7BADD001C3881 /* Main.storyboard */,
				F7063D3828BECEBF000AAC88 /* FotoViewController.swift */,
				FB82188728B7BAE0001C3881 /* Assets.xcassets */,
				FB82188928B7BAE0001C3881 /* LaunchScreen.storyboard */,
				FB82188C28B7BAE0001C3881 /* Info.plist */,
				FB9A267C28BED2F600A46BBC /* 202676998_336788954761112_3415638366094225740_n.jpeg */,
			);
			path = SwiftTeam;
			sourceTree = "<group>";
		};
/* End PBXGroup section */

/* Begin PBXNativeTarget section */
		FB82187A28B7BADD001C3881 /* SwiftTeam */ = {
			isa = PBXNativeTarget;
			buildConfigurationList = FB82188F28B7BAE0001C3881 /* Build configuration list for PBXNativeTarget "SwiftTeam" */;
			buildPhases = (
				FB82187728B7BADD001C3881 /* Sources */,
				FB82187828B7BADD001C3881 /* Frameworks */,
				FB82187928B7BADD001C3881 /* Resources */,
			);
			buildRules = (
			);
			dependencies = (
			);
			name = SwiftTeam;
			productName = SwiftTeam;
			productReference = FB82187B28B7BADD001C3881 /* SwiftTeam.app */;
			productType = "com.apple.product-type.application";
		};
/* End PBXNativeTarget section */

/* Begin PBXProject section */
		FB82187328B7BADD001C3881 /* Project object */ = {
			isa = PBXProject;
			attributes = {
				BuildIndependentTargetsInParallel = 1;
				LastSwiftUpdateCheck = 1340;
				LastUpgradeCheck = 1340;
				TargetAttributes = {
					FB82187A28B7BADD001C3881 = {
						CreatedOnToolsVersion = 13.4.1;
					};
				};
			};
			buildConfigurationList = FB82187628B7BADD001C3881 /* Build configuration list for PBXProject "SwiftTeam" */;
			compatibilityVersion = "Xcode 13.0";
			developmentRegion = en;
			hasScannedForEncodings = 0;
			knownRegions = (
				en,
				Base,
			);
			mainGroup = FB82187228B7BADD001C3881;
			productRefGroup = FB82187C28B7BADD001C3881 /* Products */;
			projectDirPath = "";
			projectRoot = "";
			targets = (
				FB82187A28B7BADD001C3881 /* SwiftTeam */,
			);
		};
/* End PBXProject section */

/* Begin PBXResourcesBuildPhase section */
		FB82187928B7BADD001C3881 /* Resources */ = {
			isa = PBXResourcesBuildPhase;
			buildActionMask = 2147483647;
			files = (
				FB82188B28B7BAE0001C3881 /* LaunchScreen.storyboard in Resources */,
				FB9A267D28BED2F600A46BBC /* 202676998_336788954761112_3415638366094225740_n.jpeg in Resources */,
				FB82188828B7BAE0001C3881 /* Assets.xcassets in Resources */,
				FB82188628B7BADD001C3881 /* Main.storyboard in Resources */,
			);
			runOnlyForDeploymentPostprocessing = 0;
		};
/* End PBXResourcesBuildPhase section */

/* Begin PBXSourcesBuildPhase section */
		FB82187728B7BADD001C3881 /* Sources */ = {
			isa = PBXSourcesBuildPhase;
			buildActionMask = 2147483647;
			files = (
				FB82188328B7BADD001C3881 /* ViewController.swift in Sources */,
				FB82187F28B7BADD001C3881 /* AppDelegate.swift in Sources */,
				F7063D3928BECEBF000AAC88 /* FotoViewController.swift in Sources */,
				FB82188128B7BADD001C3881 /* SceneDelegate.swift in Sources */,
			);
			runOnlyForDeploymentPostprocessing = 0;
		};
/* End PBXSourcesBuildPhase section */

/* Begin PBXVariantGroup section */
		FB82188428B7BADD001C3881 /* Main.storyboard */ = {
			isa = PBXVariantGroup;
			children = (
				FB82188528B7BADD001C3881 /* Base */,
			);
			name = Main.storyboard;
			sourceTree = "<group>";
		};
		FB82188928B7BAE0001C3881 /* LaunchScreen.storyboard */ = {
			isa = PBXVariantGroup;
			children = (
				FB82188A28B7BAE0001C3881 /* Base */,
			);
			name = LaunchScreen.storyboard;
			sourceTree = "<group>";
		};
/* End PBXVariantGroup section */

/* Begin XCBuildConfiguration section */
		FB82188D28B7BAE0001C3881 /* Debug */ = {
			isa = XCBuildConfiguration;
			buildSettings = {
				ALWAYS_SEARCH_USER_PATHS = NO;
				CLANG_ANALYZER_NONNULL = YES;
				CLANG_ANALYZER_NUMBER_OBJECT_CONVERSION = YES_AGGRESSIVE;
				CLANG_CXX_LANGUAGE_STANDARD = "gnu++17";
				CLANG_ENABLE_MODULES = YES;
				CLANG_ENABLE_OBJC_ARC = YES;
				CLANG_ENABLE_OBJC_WEAK = YES;
				CLANG_WARN_BLOCK_CAPTURE_AUTORELEASING = YES;
				CLANG_WARN_BOOL_CONVERSION = YES;
				CLANG_WARN_COMMA = YES;
				CLANG_WARN_CONSTANT_CONVERSION = YES;
				CLANG_WARN_DEPRECATED_OBJC_IMPLEMENTATIONS = YES;
				CLANG_WARN_DIRECT_OBJC_ISA_USAGE = YES_ERROR;
				CLANG_WARN_DOCUMENTATION_COMMENTS = YES;
				CLANG_WARN_EMPTY_BODY = YES;
				CLANG_WARN_ENUM_CONVERSION = YES;
				CLANG_WARN_INFINITE_RECURSION = YES;
				CLANG_WARN_INT_CONVERSION = YES;
				CLANG_WARN_NON_LITERAL_NULL_CONVERSION = YES;
				CLANG_WARN_OBJC_IMPLICIT_RETAIN_SELF = YES;
				CLANG_WARN_OBJC_LITERAL_CONVERSION = YES;
				CLANG_WARN_OBJC_ROOT_CLASS = YES_ERROR;
				CLANG_WARN_QUOTED_INCLUDE_IN_FRAMEWORK_HEADER = YES;
				CLANG_WARN_RANGE_LOOP_ANALYSIS = YES;
				CLANG_WARN_STRICT_PROTOTYPES = YES;
				CLANG_WARN_SUSPICIOUS_MOVE = YES;
				CLANG_WARN_UNGUARDED_AVAILABILITY = YES_AGGRESSIVE;
				CLANG_WARN_UNREACHABLE_CODE = YES;
				CLANG_WARN__DUPLICATE_METHOD_MATCH = YES;
				COPY_PHASE_STRIP = NO;
				DEBUG_INFORMATION_FORMAT = dwarf;
				ENABLE_STRICT_OBJC_MSGSEND = YES;
				ENABLE_TESTABILITY = YES;
				GCC_C_LANGUAGE_STANDARD = gnu11;
				GCC_DYNAMIC_NO_PIC = NO;
				GCC_NO_COMMON_BLOCKS = YES;
				GCC_OPTIMIZATION_LEVEL = 0;
				GCC_PREPROCESSOR_DEFINITIONS = (
					"DEBUG=1",
					"$(inherited)",
				);
				GCC_WARN_64_TO_32_BIT_CONVERSION = YES;
				GCC_WARN_ABOUT_RETURN_TYPE = YES_ERROR;
				GCC_WARN_UNDECLARED_SELECTOR = YES;
				GCC_WARN_UNINITIALIZED_AUTOS = YES_AGGRESSIVE;
				GCC_WARN_UNUSED_FUNCTION = YES;
				GCC_WARN_UNUSED_VARIABLE = YES;
				IPHONEOS_DEPLOYMENT_TARGET = 15.5;
				MTL_ENABLE_DEBUG_INFO = INCLUDE_SOURCE;
				MTL_FAST_MATH = YES;
				ONLY_ACTIVE_ARCH = YES;
				SDKROOT = iphoneos;
				SWIFT_ACTIVE_COMPILATION_CONDITIONS = DEBUG;
				SWIFT_OPTIMIZATION_LEVEL = "-Onone";
			};
			name = Debug;
		};
		FB82188E28B7BAE0001C3881 /* Release */ = {
			isa = XCBuildConfiguration;
			buildSettings = {
				ALWAYS_SEARCH_USER_PATHS = NO;
				CLANG_ANALYZER_NONNULL = YES;
				CLANG_ANALYZER_NUMBER_OBJECT_CONVERSION = YES_AGGRESSIVE;
				CLANG_CXX_LANGUAGE_STANDARD = "gnu++17";
				CLANG_ENABLE_MODULES = YES;
				CLANG_ENABLE_OBJC_ARC = YES;
				CLANG_ENABLE_OBJC_WEAK = YES;
				CLANG_WARN_BLOCK_CAPTURE_AUTORELEASING = YES;
				CLANG_WARN_BOOL_CONVERSION = YES;
				CLANG_WARN_COMMA = YES;
				CLANG_WARN_CONSTANT_CONVERSION = YES;
				CLANG_WARN_DEPRECATED_OBJC_IMPLEMENTATIONS = YES;
				CLANG_WARN_DIRECT_OBJC_ISA_USAGE = YES_ERROR;
				CLANG_WARN_DOCUMENTATION_COMMENTS = YES;
				CLANG_WARN_EMPTY_BODY = YES;
				CLANG_WARN_ENUM_CONVERSION = YES;
				CLANG_WARN_INFINITE_RECURSION = YES;
				CLANG_WARN_INT_CONVERSION = YES;
				CLANG_WARN_NON_LITERAL_NULL_CONVERSION = YES;
				CLANG_WARN_OBJC_IMPLICIT_RETAIN_SELF = YES;
				CLANG_WARN_OBJC_LITERAL_CONVERSION = YES;
				CLANG_WARN_OBJC_ROOT_CLASS = YES_ERROR;
				CLANG_WARN_QUOTED_INCLUDE_IN_FRAMEWORK_HEADER = YES;
				CLANG_WARN_RANGE_LOOP_ANALYSIS = YES;
				CLANG_WARN_STRICT_PROTOTYPES = YES;
				CLANG_WARN_SUSPICIOUS_MOVE = YES;
				CLANG_WARN_UNGUARDED_AVAILABILITY = YES_AGGRESSIVE;
				CLANG_WARN_UNREACHABLE_CODE = YES;
				CLANG_WARN__DUPLICATE_METHOD_MATCH = YES;
				COPY_PHASE_STRIP = NO;
				DEBUG_INFORMATION_FORMAT = "dwarf-with-dsym";
				ENABLE_NS_ASSERTIONS = NO;
				ENABLE_STRICT_OBJC_MSGSEND = YES;
				GCC_C_LANGUAGE_STANDARD = gnu11;
				GCC_NO_COMMON_BLOCKS = YES;
				GCC_WARN_64_TO_32_BIT_CONVERSION = YES;
				GCC_WARN_ABOUT_RETURN_TYPE = YES_ERROR;
				GCC_WARN_UNDECLARED_SELECTOR = YES;
				GCC_WARN_UNINITIALIZED_AUTOS = YES_AGGRESSIVE;
				GCC_WARN_UNUSED_FUNCTION = YES;
				GCC_WARN_UNUSED_VARIABLE = YES;
				IPHONEOS_DEPLOYMENT_TARGET = 15.5;
				MTL_ENABLE_DEBUG_INFO = NO;
				MTL_FAST_MATH = YES;
				SDKROOT = iphoneos;
				SWIFT_COMPILATION_MODE = wholemodule;
				SWIFT_OPTIMIZATION_LEVEL = "-O";
				VALIDATE_PRODUCT = YES;
			};
			name = Release;
		};
		FB82189028B7BAE0001C3881 /* Debug */ = {
			isa = XCBuildConfiguration;
			buildSettings = {
				ASSETCATALOG_COMPILER_APPICON_NAME = AppIcon;
				ASSETCATALOG_COMPILER_GLOBAL_ACCENT_COLOR_NAME = AccentColor;
				CODE_SIGN_STYLE = Automatic;
				CURRENT_PROJECT_VERSION = 1;
				GENERATE_INFOPLIST_FILE = YES;
				INFOPLIST_FILE = SwiftTeam/Info.plist;
				INFOPLIST_KEY_UIApplicationSupportsIndirectInputEvents = YES;
				INFOPLIST_KEY_UILaunchStoryboardName = LaunchScreen;
				INFOPLIST_KEY_UIMainStoryboardFile = Main;
				INFOPLIST_KEY_UISupportedInterfaceOrientations_iPad = "UIInterfaceOrientationPortrait UIInterfaceOrientationPortraitUpsideDown UIInterfaceOrientationLandscapeLeft UIInterfaceOrientationLandscapeRight";
				INFOPLIST_KEY_UISupportedInterfaceOrientations_iPhone = "UIInterfaceOrientationPortrait UIInterfaceOrientationLandscapeLeft UIInterfaceOrientationLandscapeRight";
				LD_RUNPATH_SEARCH_PATHS = (
					"$(inherited)",
					"@executable_path/Frameworks",
				);
				MARKETING_VERSION = 1.0;
				PRODUCT_BUNDLE_IDENTIFIER = ITESM.SwiftTeam;
				PRODUCT_NAME = "$(TARGET_NAME)";
				SWIFT_EMIT_LOC_STRINGS = YES;
				SWIFT_VERSION = 5.0;
				TARGETED_DEVICE_FAMILY = "1,2";
			};
			name = Debug;
		};
		FB82189128B7BAE0001C3881 /* Release */ = {
			isa = XCBuildConfiguration;
			buildSettings = {
				ASSETCATALOG_COMPILER_APPICON_NAME = AppIcon;
				ASSETCATALOG_COMPILER_GLOBAL_ACCENT_COLOR_NAME = AccentColor;
				CODE_SIGN_STYLE = Automatic;
				CURRENT_PROJECT_VERSION = 1;
				GENERATE_INFOPLIST_FILE = YES;
				INFOPLIST_FILE = SwiftTeam/Info.plist;
				INFOPLIST_KEY_UIApplicationSupportsIndirectInputEvents = YES;
				INFOPLIST_KEY_UILaunchStoryboardName = LaunchScreen;
				INFOPLIST_KEY_UIMainStoryboardFile = Main;
				INFOPLIST_KEY_UISupportedInterfaceOrientations_iPad = "UIInterfaceOrientationPortrait UIInterfaceOrientationPortraitUpsideDown UIInterfaceOrientationLandscapeLeft UIInterfaceOrientationLandscapeRight";
				INFOPLIST_KEY_UISupportedInterfaceOrientations_iPhone = "UIInterfaceOrientationPortrait UIInterfaceOrientationLandscapeLeft UIInterfaceOrientationLandscapeRight";
				LD_RUNPATH_SEARCH_PATHS = (
					"$(inherited)",
					"@executable_path/Frameworks",
				);
				MARKETING_VERSION = 1.0;
				PRODUCT_BUNDLE_IDENTIFIER = ITESM.SwiftTeam;
				PRODUCT_NAME = "$(TARGET_NAME)";
				SWIFT_EMIT_LOC_STRINGS = YES;
				SWIFT_VERSION = 5.0;
				TARGETED_DEVICE_FAMILY = "1,2";
			};
			name = Release;
		};
/* End XCBuildConfiguration section */

/* Begin XCConfigurationList section */
		FB82187628B7BADD001C3881 /* Build configuration list for PBXProject "SwiftTeam" */ = {
			isa = XCConfigurationList;
			buildConfigurations = (
				FB82188D28B7BAE0001C3881 /* Debug */,
				FB82188E28B7BAE0001C3881 /* Release */,
			);
			defaultConfigurationIsVisible = 0;
			defaultConfigurationName = Release;
		};
		FB82188F28B7BAE0001C3881 /* Build configuration list for PBXNativeTarget "SwiftTeam" */ = {
			isa = XCConfigurationList;
			buildConfigurations = (
				FB82189028B7BAE0001C3881 /* Debug */,
				FB82189128B7BAE0001C3881 /* Release */,
			);
			defaultConfigurationIsVisible = 0;
			defaultConfigurationName = Release;
		};
/* End XCConfigurationList section */
	};
	rootObject = FB82187328B7BADD001C3881 /* Project object */;
}
